
Microsoft Visual Studio Solution File, Format Version 12.00
# Visual Studio Version 17
VisualStudioVersion = 17.9.34728.123
MinimumVisualStudioVersion = 10.0.40219.1
Project("{FAE04EC0-301F-11D3-BF4B-00C04F79EFBC}") = "WinFormsFileCopy", "WinFormsFileCopy\WinFormsFileCopy.csproj", "{00697621-AA93-41AF-AD7E-E3A72EAEB075}"
EndProject
Global
	GlobalSection(SolutionConfigurationPlatforms) = preSolution
		Debug|Any CPU = Debug|Any CPU
		Release|Any CPU = Release|Any CPU
	EndGlobalSection
	GlobalSection(ProjectConfigurationPlatforms) = postSolution
		{00697621-AA93-41AF-AD7E-E3A72EAEB075}.Debug|Any CPU.ActiveCfg = Debug|Any CPU
		{00697621-AA93-41AF-AD7E-E3A72EAEB075}.Debug|Any CPU.Build.0 = Debug|Any CPU
		{00697621-AA93-41AF-AD7E-E3A72EAEB075}.Release|Any CPU.ActiveCfg = Release|Any CPU
		{00697621-AA93-41AF-AD7E-E3A72EAEB075}.Release|Any CPU.Build.0 = Release|Any CPU
	EndGlobalSection
	GlobalSection(SolutionProperties) = preSolution
		HideSolutionNode = FALSE
	EndGlobalSection
	GlobalSection(ExtensibilityGlobals) = postSolution
		SolutionGuid = {57916B52-3688-4931-9831-D15AB042C1D7}
	EndGlobalSection
EndGlobal
